
Microsoft Visual Studio Solution File, Format Version 12.00
# Visual Studio Version 17
VisualStudioVersion = 17.13.35825.156
MinimumVisualStudioVersion = 10.0.40219.1
Project("{2150E333-8FDC-42A3-9474-1A3956D46DE8}") = "Chapter01", "Chapter01", "{DDB4EF12-CC4E-5E88-E6FC-71A802F4DE97}"
EndProject
Project("{FAE04EC0-301F-11D3-BF4B-00C04F79EFBC}") = "productSample", "Chapter01\productSample\productSample.csproj", "{8FC20700-A849-449D-9C77-156AA02281FE}"
EndProject
Project("{2150E333-8FDC-42A3-9474-1A3956D46DE8}") = "Chapter02", "Chapter02", "{3DF45D4A-CE31-44D1-8084-70255F2FE10B}"
EndProject
Project("{FAE04EC0-301F-11D3-BF4B-00C04F79EFBC}") = "DistanceConverter", "Chapter02\DistanceConverter\DistanceConverter.csproj", "{459FBE2A-88F4-4CFB-BDB1-6209F589704B}"
EndProject
Project("{2150E333-8FDC-42A3-9474-1A3956D46DE8}") = "演習問題", "演習問題", "{9C7C4CC6-A85E-4EF0-BFB1-B017D832BC1D}"
EndProject
Project("{FAE04EC0-301F-11D3-BF4B-00C04F79EFBC}") = "Exercise02", "Chapter02\演習問題\Exercise02\Exercise02.csproj", "{0012B839-575E-486D-B37E-822B88C1C727}"
EndProject
Project("{2150E333-8FDC-42A3-9474-1A3956D46DE8}") = "距離換算プログラム", "距離換算プログラム", "{909AFAFA-C75D-4F83-B58F-FA2F3EA3E3D3}"
EndProject
Project("{2150E333-8FDC-42A3-9474-1A3956D46DE8}") = "FormApps", "FormApps", "{C36F4863-6F42-4FB0-A148-B0FA79127EE6}"
	ProjectSection(SolutionItems) = preProject
		Chapter02\SalesCalculator\Sales.csv = Chapter02\SalesCalculator\Sales.csv
	EndProjectSection
EndProject
Project("{FAE04EC0-301F-11D3-BF4B-00C04F79EFBC}") = "UnitConverter", "FromApps\UnitConverter\UnitConverter.csproj", "{8B212B66-D1D6-44EE-9599-941856755132}"
EndProject
Project("{FAE04EC0-301F-11D3-BF4B-00C04F79EFBC}") = "StopWatch", "FromApps\StopWatch\StopWatch.csproj", "{913499AE-A2F7-4091-AA76-5F74800D66FA}"
EndProject
Project("{2150E333-8FDC-42A3-9474-1A3956D46DE8}") = "売上集計プログラム", "売上集計プログラム", "{4FC78B6E-6A80-41D0-9EC6-89E3574E7D9F}"
EndProject
Project("{FAE04EC0-301F-11D3-BF4B-00C04F79EFBC}") = "SalesCalculator", "Chapter02\SalesCalculator\SalesCalculator.csproj", "{6F26FDC3-B8E1-3665-D411-4EC453C7F987}"
EndProject
Project("{FAE04EC0-301F-11D3-BF4B-00C04F79EFBC}") = "Exercise01", "Chapter02\演習問題\Exercise01\Exercise01\Exercise01.csproj", "{6CDDCBB0-9CFD-DF9C-1A71-A8E6B189D73A}"
EndProject
Project("{2150E333-8FDC-42A3-9474-1A3956D46DE8}") = "Chapter03", "Chapter03", "{B5EE89FE-E3A3-4909-A648-C222971621B3}"
EndProject
Project("{FAE04EC0-301F-11D3-BF4B-00C04F79EFBC}") = "Section01", "Chapter03\Section01\Section01.csproj", "{10A702D0-C186-400B-8CBF-3BF73AD56627}"
EndProject
Project("{2150E333-8FDC-42A3-9474-1A3956D46DE8}") = "演習問題", "演習問題", "{F4D8C882-3A13-4F15-9126-32D0FB6538FD}"
EndProject
Project("{FAE04EC0-301F-11D3-BF4B-00C04F79EFBC}") = "Exercise02", "Chapter03\演習問題\Exercise02\Exercise02.csproj", "{D4856D29-8B47-481B-B9A7-F0205EC99C8A}"
EndProject
Project("{FAE04EC0-301F-11D3-BF4B-00C04F79EFBC}") = "Section04", "Chapter03\Section04\Section04.csproj", "{682934DF-68E7-452D-95A6-D7F99282DFF3}"
EndProject
Project("{FAE04EC0-301F-11D3-BF4B-00C04F79EFBC}") = "Exercise01", "Chapter03\演習問題\Exercise01\Exercise01.csproj", "{0E746FF2-82B4-47C5-9123-955DE677303E}"
EndProject
Project("{2150E333-8FDC-42A3-9474-1A3956D46DE8}") = "Chapter04", "Chapter04", "{C40557C8-307F-4ADD-9096-C1D8B1B7D3C2}"
EndProject
Project("{FAE04EC0-301F-11D3-BF4B-00C04F79EFBC}") = "Section04", "Chapter04\Section04\Section04.csproj", "{35289454-320A-48D4-BF78-2170F9841FB9}"
EndProject
Project("{2150E333-8FDC-42A3-9474-1A3956D46DE8}") = "演習問題", "演習問題", "{AB64F376-EDC4-4E6B-AA01-78EEB0736334}"
EndProject
Project("{FAE04EC0-301F-11D3-BF4B-00C04F79EFBC}") = "Exercise01", "Chapter04\演習問題\Exercise01\Exercise01.csproj", "{07A691EA-28C5-4CF9-B00F-94FF393776C4}"
EndProject
Project("{2150E333-8FDC-42A3-9474-1A3956D46DE8}") = "LINQ", "LINQ", "{F8087D60-A710-4A4F-8238-CE9615EB6332}"
EndProject
Project("{FAE04EC0-301F-11D3-BF4B-00C04F79EFBC}") = "LinqSample", "LINQ\LinqSample\LinqSample.csproj", "{BA27020C-6303-425B-967E-38B5C3EBD780}"
EndProject
Project("{2150E333-8FDC-42A3-9474-1A3956D46DE8}") = "Chapter07", "Chapter07", "{A3C91676-EE61-48B9-8B71-BB9FDDF156D1}"
EndProject
Project("{2150E333-8FDC-42A3-9474-1A3956D46DE8}") = "演習問題", "演習問題", "{CDE04ECE-F5E1-4C42-AA2A-DE106B22F9C3}"
EndProject
Project("{FAE04EC0-301F-11D3-BF4B-00C04F79EFBC}") = "Exercise01", "Chapter07\演習問題\Exercise07\Exercise01.csproj", "{782538D0-DCF4-4079-9A97-E26453E14812}"
EndProject
Project("{FAE04EC0-301F-11D3-BF4B-00C04F79EFBC}") = "Section01", "Chapter07\Section01\Section01\Section01.csproj", "{B72FA027-218E-4ADE-AE28-3D3795464154}"
EndProject
Project("{FAE04EC0-301F-11D3-BF4B-00C04F79EFBC}") = "Section05", "Chapter07\Section05\Section05.csproj", "{980E7319-21C5-4504-8E8F-DBC08A4CA9C6}"
EndProject
Project("{FAE04EC0-301F-11D3-BF4B-00C04F79EFBC}") = "Exercise02", "Chapter07\演習問題\Excercise02\Exercise02.csproj", "{C55D4B71-93B9-4EDE-AC8F-A5D540B7D7C6}"
EndProject
Project("{2150E333-8FDC-42A3-9474-1A3956D46DE8}") = "Chapter06", "Chapter06", "{F822B47C-742B-496B-AC0C-8749A27273B9}"
EndProject
Project("{FAE04EC0-301F-11D3-BF4B-00C04F79EFBC}") = "Section01", "Chapter06\Section01\Section01.csproj", "{24CF2A57-32CA-4F69-A775-3E9ED58EA81E}"
EndProject
Project("{2150E333-8FDC-42A3-9474-1A3956D46DE8}") = "演習問題", "演習問題", "{8958700C-925E-4F35-9697-7089182490D9}"
EndProject
Project("{FAE04EC0-301F-11D3-BF4B-00C04F79EFBC}") = "Exercise04", "Chapter06\演習問題\Exercise91\Exercise04.csproj", "{69D2522F-017B-49C8-82AE-708C396E91F0}"
EndProject
Project("{FAE04EC0-301F-11D3-BF4B-00C04F79EFBC}") = "Exercise03", "Chapter06\演習問題\Exercise\Exercise03.csproj", "{A7656B80-98B0-4F13-8CF6-A854DC0EFCF1}"
EndProject
Project("{FAE04EC0-301F-11D3-BF4B-00C04F79EFBC}") = "Section03", "Chapter06\Section03\Section03.csproj", "{96C92B92-17D6-4301-897C-1CDDAC3E70B2}"
EndProject
Project("{2150E333-8FDC-42A3-9474-1A3956D46DE8}") = "Chapter05", "Chapter05", "{07899EBC-3ED0-43F3-8874-782C84978A71}"
EndProject
Project("{2150E333-8FDC-42A3-9474-1A3956D46DE8}") = "演習問題", "演習問題", "{72766148-7C38-45DA-A80C-02AAA42F3BEC}"
EndProject
Project("{FAE04EC0-301F-11D3-BF4B-00C04F79EFBC}") = "Section01", "Chapter05\Section01\Section01.csproj", "{C40FD1C1-A61A-4608-BE66-A93135DA0031}"
EndProject
Project("{FAE04EC0-301F-11D3-BF4B-00C04F79EFBC}") = "Section02", "Chapter05\Section02\Section02.csproj", "{2AC5D3CB-5B12-4F1F-BD8E-FC9E7F337F6D}"
EndProject
Project("{FAE04EC0-301F-11D3-BF4B-00C04F79EFBC}") = "Exercise01", "Chapter05\演習問題\Exercise01\Exercise01.csproj", "{763C0DCB-D6B0-43DC-83EE-9890C1289BEC}"
EndProject
Project("{FAE04EC0-301F-11D3-BF4B-00C04F79EFBC}") = "Exercise02", "Chapter05\演習問題\Exercise02\Exercise02.csproj", "{65392AFB-641F-4E0D-A116-41C1DEAB53D6}"
EndProject
Project("{2150E333-8FDC-42A3-9474-1A3956D46DE8}") = "Chapter08", "Chapter08", "{0C2AE4A4-13D8-46FC-B1C7-278654D5B3A8}"
EndProject
Project("{2150E333-8FDC-42A3-9474-1A3956D46DE8}") = "演習問題", "演習問題", "{CA86A284-5AA7-4E6A-AD28-2A41D0097E4D}"
EndProject
Project("{FAE04EC0-301F-11D3-BF4B-00C04F79EFBC}") = "Exercise01", "Chapter08\演習問題\Exercise01\Exercise01.csproj", "{AE886683-5880-4199-B3B8-03B811FDC67A}"
EndProject
Project("{FAE04EC0-301F-11D3-BF4B-00C04F79EFBC}") = "PrefCapitalLocationSystem", "Chapter08\PrefCapitalLocationSystem\PrefCapitalLocationSystem.csproj", "{E15215B9-44DE-462D-BA6E-6F0B5FCF237F}"
EndProject
Project("{FAE04EC0-301F-11D3-BF4B-00C04F79EFBC}") = "Section03", "Chapter08\Section03\Section03.csproj", "{152C4D56-6F36-4784-8470-7789C9245DC9}"
EndProject
Project("{FAE04EC0-301F-11D3-BF4B-00C04F79EFBC}") = "Exercise02", "Chapter08\演習問題\Exercise02\Exercise02.csproj", "{464910BA-E8CD-4CB3-A2D4-63C83F6C107C}"
EndProject
Project("{2150E333-8FDC-42A3-9474-1A3956D46DE8}") = "Test01", "Test01", "{34F3F1A4-44F5-4673-A5A0-4EDA005B7AED}"
EndProject
Project("{FAE04EC0-301F-11D3-BF4B-00C04F79EFBC}") = "Test01", "Test01\Test01\Test01.csproj", "{6EF7678A-A725-F430-3097-30F090C0100A}"
EndProject
Project("{FAE04EC0-301F-11D3-BF4B-00C04F79EFBC}") = "Test02", "Test01\Test02\Test02.csproj", "{010D0C11-D6A2-3CA6-3281-4E0FD547EC2D}"
EndProject
Project("{2150E333-8FDC-42A3-9474-1A3956D46DE8}") = "Chapter09", "Chapter09", "{5E85BED6-E20C-4F88-B128-C5D994F1169D}"
EndProject
Project("{FAE04EC0-301F-11D3-BF4B-00C04F79EFBC}") = "Section01", "Chapter09\Section01\Section01.csproj", "{F529173A-E761-4113-A58F-693E3E8F53FD}"
EndProject
Project("{2150E333-8FDC-42A3-9474-1A3956D46DE8}") = "演習問題", "演習問題", "{CA56C9E3-512A-41D7-9F18-046629AB127D}"
EndProject
Project("{FAE04EC0-301F-11D3-BF4B-00C04F79EFBC}") = "Exercise01", "Chapter09\演習問題\Exercise01\Exercise01.csproj", "{FAEB7EB8-3722-4AA2-92B5-5B980989C0FB}"
EndProject
Project("{FAE04EC0-301F-11D3-BF4B-00C04F79EFBC}") = "Exercise02", "Chapter09\演習問題\Exercise02\Section02\Exercise02.csproj", "{0974B92A-B8F1-4413-85C3-3D704C0F8A38}"
EndProject
Project("{FAE04EC0-301F-11D3-BF4B-00C04F79EFBC}") = "Exercise03", "Chapter09\演習問題\Exercise03\Section01\Exercise03.csproj", "{31AC3918-87D6-4F89-9667-71ACB4C80C76}"
EndProject
Project("{FAE04EC0-301F-11D3-BF4B-00C04F79EFBC}") = "CarReportSystem", "FromApps\CarReportSystem\CarReportSystem.csproj", "{F4809645-C9D2-4E53-B59C-C8367C1595D1}"
EndProject
Project("{2150E333-8FDC-42A3-9474-1A3956D46DE8}") = "Chapter12", "Chapter12", "{4F2B5ED4-5D51-4B97-A44E-4617895C2786}"
EndProject
Project("{2150E333-8FDC-42A3-9474-1A3956D46DE8}") = "演習問題", "演習問題", "{303C4EF5-F863-4540-8035-7C6F08F29A97}"
EndProject
Project("{FAE04EC0-301F-11D3-BF4B-00C04F79EFBC}") = "Section01", "Chapter12\演習問題\Section01\Section01.csproj", "{D31205E9-2E93-4EE9-AB5F-12774B6B2E60}"
EndProject
Project("{FAE04EC0-301F-11D3-BF4B-00C04F79EFBC}") = "Exercise01", "Chapter12\演習問題\Exercise01\Exercise01.csproj", "{D4A43612-4AAC-4022-8340-2D7396F3346D}"
EndProject
Project("{FAE04EC0-301F-11D3-BF4B-00C04F79EFBC}") = "Exercise02", "Chapter12\演習問題\Exercise02\Exercise02.csproj", "{AC179FFC-FD87-4136-8F80-6890837FD856}"
EndProject
Project("{FAE04EC0-301F-11D3-BF4B-00C04F79EFBC}") = "Exercise03", "Chapter12\演習問題\Exercise03\Exercise03.csproj", "{9AB00AF8-9926-46AD-9F2E-08F686B54392}"
EndProject
Project("{FAE04EC0-301F-11D3-BF4B-00C04F79EFBC}") = "RssReader", "FromApps\RssReader\RssReader.csproj", "{A53D0168-BB25-4627-BFC8-1EF79F03FB55}"
EndProject
Project("{2150E333-8FDC-42A3-9474-1A3956D46DE8}") = "Chapter11", "Chapter11", "{B70EB7E5-F31E-45D6-9F50-295EC5FB629A}"
EndProject
Project("{FAE04EC0-301F-11D3-BF4B-00C04F79EFBC}") = "Section02", "Chapter11\Section02\Section02.csproj", "{25FD9761-2198-4F69-B510-4F4216F0669C}"
EndProject
Project("{2150E333-8FDC-42A3-9474-1A3956D46DE8}") = "演習問題", "演習問題", "{FDA2DA7F-4B4A-47F0-9775-019E85F8A2D8}"
EndProject
Project("{FAE04EC0-301F-11D3-BF4B-00C04F79EFBC}") = "Exercise01", "Chapter11\演習問題　\Exercise01\Exercise01.csproj", "{E98AB82E-951A-465F-8A69-35F25D884CB3}"
EndProject
Project("{FAE04EC0-301F-11D3-BF4B-00C04F79EFBC}") = "Exercise02", "Chapter11\演習問題　\Exercise02\Exercise02.csproj", "{B2939E3B-897E-49C7-8BC7-B3615BA403E3}"
EndProject
Project("{FAE04EC0-301F-11D3-BF4B-00C04F79EFBC}") = "Section03", "Chapter11\Section03\Section03.csproj", "{2B58CCEE-E7CF-4F6F-BFAB-9376047551D3}"
EndProject
Project("{FAE04EC0-301F-11D3-BF4B-00C04F79EFBC}") = "Exercise03", "Chapter11\演習問題　\Exercise03\Exercise03.csproj", "{4C4473A4-33C5-4350-A3C9-F7AEC9B75045}"
EndProject
Project("{FAE04EC0-301F-11D3-BF4B-00C04F79EFBC}") = "Section04", "Chapter11\Section04\Section04.csproj", "{D63DD9A9-5A40-46BE-BE3B-126073729006}"
EndProject
Project("{FAE04EC0-301F-11D3-BF4B-00C04F79EFBC}") = "Exercise04", "Chapter11\演習問題　\Exercise04\Exercise04.csproj", "{D8D6E791-569C-491F-9225-23867231081F}"
EndProject
Project("{FAE04EC0-301F-11D3-BF4B-00C04F79EFBC}") = "Exercise05", "Exercise05\Exercise05.csproj", "{2D933FE1-46E6-475E-8C5D-F513A5C4329F}"
EndProject
Project("{2150E333-8FDC-42A3-9474-1A3956D46DE8}") = "WPF", "WPF", "{848F264E-21F6-4DBE-9787-9AB7AF0EA868}"
EndProject
Project("{FAE04EC0-301F-11D3-BF4B-00C04F79EFBC}") = "SampleApplecation", "WPF\SampleApplecation\SampleApplecation.csproj", "{8EC97286-86CE-42AD-A5AE-7FA3413F8219}"
EndProject
Project("{FAE04EC0-301F-11D3-BF4B-00C04F79EFBC}") = "SampleSlider", "WPF\SampleApplecation\SampleSlider\SampleSlider.csproj", "{621CB6B4-1378-4E50-B710-DFA06C104AF7}"
EndProject
Project("{FAE04EC0-301F-11D3-BF4B-00C04F79EFBC}") = "ColorChecker", "WPF\ColorChecker\ColorChecker.csproj", "{EE51F9A4-C4DE-4335-8B3C-24F9FA837C43}"
EndProject
Project("{FAE04EC0-301F-11D3-BF4B-00C04F79EFBC}") = "HelloWorld", "WPF\HelloWorld\HelloWorld.csproj", "{2E1E0B80-6183-40A9-A334-536F868C9283}"
EndProject
Global
	GlobalSection(SolutionConfigurationPlatforms) = preSolution
		Debug|Any CPU = Debug|Any CPU
		Release|Any CPU = Release|Any CPU
	EndGlobalSection
	GlobalSection(ProjectConfigurationPlatforms) = postSolution
		{8FC20700-A849-449D-9C77-156AA02281FE}.Debug|Any CPU.ActiveCfg = Debug|Any CPU
		{8FC20700-A849-449D-9C77-156AA02281FE}.Debug|Any CPU.Build.0 = Debug|Any CPU
		{8FC20700-A849-449D-9C77-156AA02281FE}.Release|Any CPU.ActiveCfg = Release|Any CPU
		{8FC20700-A849-449D-9C77-156AA02281FE}.Release|Any CPU.Build.0 = Release|Any CPU
		{459FBE2A-88F4-4CFB-BDB1-6209F589704B}.Debug|Any CPU.ActiveCfg = Debug|Any CPU
		{459FBE2A-88F4-4CFB-BDB1-6209F589704B}.Debug|Any CPU.Build.0 = Debug|Any CPU
		{459FBE2A-88F4-4CFB-BDB1-6209F589704B}.Release|Any CPU.ActiveCfg = Release|Any CPU
		{459FBE2A-88F4-4CFB-BDB1-6209F589704B}.Release|Any CPU.Build.0 = Release|Any CPU
		{0012B839-575E-486D-B37E-822B88C1C727}.Debug|Any CPU.ActiveCfg = Debug|Any CPU
		{0012B839-575E-486D-B37E-822B88C1C727}.Debug|Any CPU.Build.0 = Debug|Any CPU
		{0012B839-575E-486D-B37E-822B88C1C727}.Release|Any CPU.ActiveCfg = Release|Any CPU
		{0012B839-575E-486D-B37E-822B88C1C727}.Release|Any CPU.Build.0 = Release|Any CPU
		{8B212B66-D1D6-44EE-9599-941856755132}.Debug|Any CPU.ActiveCfg = Debug|Any CPU
		{8B212B66-D1D6-44EE-9599-941856755132}.Debug|Any CPU.Build.0 = Debug|Any CPU
		{8B212B66-D1D6-44EE-9599-941856755132}.Release|Any CPU.ActiveCfg = Release|Any CPU
		{8B212B66-D1D6-44EE-9599-941856755132}.Release|Any CPU.Build.0 = Release|Any CPU
		{913499AE-A2F7-4091-AA76-5F74800D66FA}.Debug|Any CPU.ActiveCfg = Debug|Any CPU
		{913499AE-A2F7-4091-AA76-5F74800D66FA}.Debug|Any CPU.Build.0 = Debug|Any CPU
		{913499AE-A2F7-4091-AA76-5F74800D66FA}.Release|Any CPU.ActiveCfg = Release|Any CPU
		{913499AE-A2F7-4091-AA76-5F74800D66FA}.Release|Any CPU.Build.0 = Release|Any CPU
		{6F26FDC3-B8E1-3665-D411-4EC453C7F987}.Debug|Any CPU.ActiveCfg = Debug|Any CPU
		{6F26FDC3-B8E1-3665-D411-4EC453C7F987}.Debug|Any CPU.Build.0 = Debug|Any CPU
		{6F26FDC3-B8E1-3665-D411-4EC453C7F987}.Release|Any CPU.ActiveCfg = Release|Any CPU
		{6F26FDC3-B8E1-3665-D411-4EC453C7F987}.Release|Any CPU.Build.0 = Release|Any CPU
		{6CDDCBB0-9CFD-DF9C-1A71-A8E6B189D73A}.Debug|Any CPU.ActiveCfg = Debug|Any CPU
		{6CDDCBB0-9CFD-DF9C-1A71-A8E6B189D73A}.Debug|Any CPU.Build.0 = Debug|Any CPU
		{6CDDCBB0-9CFD-DF9C-1A71-A8E6B189D73A}.Release|Any CPU.ActiveCfg = Release|Any CPU
		{6CDDCBB0-9CFD-DF9C-1A71-A8E6B189D73A}.Release|Any CPU.Build.0 = Release|Any CPU
		{10A702D0-C186-400B-8CBF-3BF73AD56627}.Debug|Any CPU.ActiveCfg = Debug|Any CPU
		{10A702D0-C186-400B-8CBF-3BF73AD56627}.Debug|Any CPU.Build.0 = Debug|Any CPU
		{10A702D0-C186-400B-8CBF-3BF73AD56627}.Release|Any CPU.ActiveCfg = Release|Any CPU
		{10A702D0-C186-400B-8CBF-3BF73AD56627}.Release|Any CPU.Build.0 = Release|Any CPU
		{D4856D29-8B47-481B-B9A7-F0205EC99C8A}.Debug|Any CPU.ActiveCfg = Debug|Any CPU
		{D4856D29-8B47-481B-B9A7-F0205EC99C8A}.Debug|Any CPU.Build.0 = Debug|Any CPU
		{D4856D29-8B47-481B-B9A7-F0205EC99C8A}.Release|Any CPU.ActiveCfg = Release|Any CPU
		{D4856D29-8B47-481B-B9A7-F0205EC99C8A}.Release|Any CPU.Build.0 = Release|Any CPU
		{682934DF-68E7-452D-95A6-D7F99282DFF3}.Debug|Any CPU.ActiveCfg = Debug|Any CPU
		{682934DF-68E7-452D-95A6-D7F99282DFF3}.Debug|Any CPU.Build.0 = Debug|Any CPU
		{682934DF-68E7-452D-95A6-D7F99282DFF3}.Release|Any CPU.ActiveCfg = Release|Any CPU
		{682934DF-68E7-452D-95A6-D7F99282DFF3}.Release|Any CPU.Build.0 = Release|Any CPU
		{0E746FF2-82B4-47C5-9123-955DE677303E}.Debug|Any CPU.ActiveCfg = Debug|Any CPU
		{0E746FF2-82B4-47C5-9123-955DE677303E}.Debug|Any CPU.Build.0 = Debug|Any CPU
		{0E746FF2-82B4-47C5-9123-955DE677303E}.Release|Any CPU.ActiveCfg = Release|Any CPU
		{0E746FF2-82B4-47C5-9123-955DE677303E}.Release|Any CPU.Build.0 = Release|Any CPU
		{35289454-320A-48D4-BF78-2170F9841FB9}.Debug|Any CPU.ActiveCfg = Debug|Any CPU
		{35289454-320A-48D4-BF78-2170F9841FB9}.Debug|Any CPU.Build.0 = Debug|Any CPU
		{35289454-320A-48D4-BF78-2170F9841FB9}.Release|Any CPU.ActiveCfg = Release|Any CPU
		{35289454-320A-48D4-BF78-2170F9841FB9}.Release|Any CPU.Build.0 = Release|Any CPU
		{07A691EA-28C5-4CF9-B00F-94FF393776C4}.Debug|Any CPU.ActiveCfg = Debug|Any CPU
		{07A691EA-28C5-4CF9-B00F-94FF393776C4}.Debug|Any CPU.Build.0 = Debug|Any CPU
		{07A691EA-28C5-4CF9-B00F-94FF393776C4}.Release|Any CPU.ActiveCfg = Release|Any CPU
		{07A691EA-28C5-4CF9-B00F-94FF393776C4}.Release|Any CPU.Build.0 = Release|Any CPU
		{BA27020C-6303-425B-967E-38B5C3EBD780}.Debug|Any CPU.ActiveCfg = Debug|Any CPU
		{BA27020C-6303-425B-967E-38B5C3EBD780}.Debug|Any CPU.Build.0 = Debug|Any CPU
		{BA27020C-6303-425B-967E-38B5C3EBD780}.Release|Any CPU.ActiveCfg = Release|Any CPU
		{BA27020C-6303-425B-967E-38B5C3EBD780}.Release|Any CPU.Build.0 = Release|Any CPU
		{782538D0-DCF4-4079-9A97-E26453E14812}.Debug|Any CPU.ActiveCfg = Debug|Any CPU
		{782538D0-DCF4-4079-9A97-E26453E14812}.Debug|Any CPU.Build.0 = Debug|Any CPU
		{782538D0-DCF4-4079-9A97-E26453E14812}.Release|Any CPU.ActiveCfg = Release|Any CPU
		{782538D0-DCF4-4079-9A97-E26453E14812}.Release|Any CPU.Build.0 = Release|Any CPU
		{B72FA027-218E-4ADE-AE28-3D3795464154}.Debug|Any CPU.ActiveCfg = Debug|Any CPU
		{B72FA027-218E-4ADE-AE28-3D3795464154}.Debug|Any CPU.Build.0 = Debug|Any CPU
		{B72FA027-218E-4ADE-AE28-3D3795464154}.Release|Any CPU.ActiveCfg = Release|Any CPU
		{B72FA027-218E-4ADE-AE28-3D3795464154}.Release|Any CPU.Build.0 = Release|Any CPU
		{980E7319-21C5-4504-8E8F-DBC08A4CA9C6}.Debug|Any CPU.ActiveCfg = Debug|Any CPU
		{980E7319-21C5-4504-8E8F-DBC08A4CA9C6}.Debug|Any CPU.Build.0 = Debug|Any CPU
		{980E7319-21C5-4504-8E8F-DBC08A4CA9C6}.Release|Any CPU.ActiveCfg = Release|Any CPU
		{980E7319-21C5-4504-8E8F-DBC08A4CA9C6}.Release|Any CPU.Build.0 = Release|Any CPU
		{C55D4B71-93B9-4EDE-AC8F-A5D540B7D7C6}.Debug|Any CPU.ActiveCfg = Debug|Any CPU
		{C55D4B71-93B9-4EDE-AC8F-A5D540B7D7C6}.Debug|Any CPU.Build.0 = Debug|Any CPU
		{C55D4B71-93B9-4EDE-AC8F-A5D540B7D7C6}.Release|Any CPU.ActiveCfg = Release|Any CPU
		{C55D4B71-93B9-4EDE-AC8F-A5D540B7D7C6}.Release|Any CPU.Build.0 = Release|Any CPU
		{24CF2A57-32CA-4F69-A775-3E9ED58EA81E}.Debug|Any CPU.ActiveCfg = Debug|Any CPU
		{24CF2A57-32CA-4F69-A775-3E9ED58EA81E}.Debug|Any CPU.Build.0 = Debug|Any CPU
		{24CF2A57-32CA-4F69-A775-3E9ED58EA81E}.Release|Any CPU.ActiveCfg = Release|Any CPU
		{24CF2A57-32CA-4F69-A775-3E9ED58EA81E}.Release|Any CPU.Build.0 = Release|Any CPU
		{69D2522F-017B-49C8-82AE-708C396E91F0}.Debug|Any CPU.ActiveCfg = Debug|Any CPU
		{69D2522F-017B-49C8-82AE-708C396E91F0}.Debug|Any CPU.Build.0 = Debug|Any CPU
		{69D2522F-017B-49C8-82AE-708C396E91F0}.Release|Any CPU.ActiveCfg = Release|Any CPU
		{69D2522F-017B-49C8-82AE-708C396E91F0}.Release|Any CPU.Build.0 = Release|Any CPU
		{A7656B80-98B0-4F13-8CF6-A854DC0EFCF1}.Debug|Any CPU.ActiveCfg = Debug|Any CPU
		{A7656B80-98B0-4F13-8CF6-A854DC0EFCF1}.Debug|Any CPU.Build.0 = Debug|Any CPU
		{A7656B80-98B0-4F13-8CF6-A854DC0EFCF1}.Release|Any CPU.ActiveCfg = Release|Any CPU
		{A7656B80-98B0-4F13-8CF6-A854DC0EFCF1}.Release|Any CPU.Build.0 = Release|Any CPU
		{96C92B92-17D6-4301-897C-1CDDAC3E70B2}.Debug|Any CPU.ActiveCfg = Debug|Any CPU
		{96C92B92-17D6-4301-897C-1CDDAC3E70B2}.Debug|Any CPU.Build.0 = Debug|Any CPU
		{96C92B92-17D6-4301-897C-1CDDAC3E70B2}.Release|Any CPU.ActiveCfg = Release|Any CPU
		{96C92B92-17D6-4301-897C-1CDDAC3E70B2}.Release|Any CPU.Build.0 = Release|Any CPU
		{C40FD1C1-A61A-4608-BE66-A93135DA0031}.Debug|Any CPU.ActiveCfg = Debug|Any CPU
		{C40FD1C1-A61A-4608-BE66-A93135DA0031}.Debug|Any CPU.Build.0 = Debug|Any CPU
		{C40FD1C1-A61A-4608-BE66-A93135DA0031}.Release|Any CPU.ActiveCfg = Release|Any CPU
		{C40FD1C1-A61A-4608-BE66-A93135DA0031}.Release|Any CPU.Build.0 = Release|Any CPU
		{2AC5D3CB-5B12-4F1F-BD8E-FC9E7F337F6D}.Debug|Any CPU.ActiveCfg = Debug|Any CPU
		{2AC5D3CB-5B12-4F1F-BD8E-FC9E7F337F6D}.Debug|Any CPU.Build.0 = Debug|Any CPU
		{2AC5D3CB-5B12-4F1F-BD8E-FC9E7F337F6D}.Release|Any CPU.ActiveCfg = Release|Any CPU
		{2AC5D3CB-5B12-4F1F-BD8E-FC9E7F337F6D}.Release|Any CPU.Build.0 = Release|Any CPU
		{763C0DCB-D6B0-43DC-83EE-9890C1289BEC}.Debug|Any CPU.ActiveCfg = Debug|Any CPU
		{763C0DCB-D6B0-43DC-83EE-9890C1289BEC}.Debug|Any CPU.Build.0 = Debug|Any CPU
		{763C0DCB-D6B0-43DC-83EE-9890C1289BEC}.Release|Any CPU.ActiveCfg = Release|Any CPU
		{763C0DCB-D6B0-43DC-83EE-9890C1289BEC}.Release|Any CPU.Build.0 = Release|Any CPU
		{65392AFB-641F-4E0D-A116-41C1DEAB53D6}.Debug|Any CPU.ActiveCfg = Debug|Any CPU
		{65392AFB-641F-4E0D-A116-41C1DEAB53D6}.Debug|Any CPU.Build.0 = Debug|Any CPU
		{65392AFB-641F-4E0D-A116-41C1DEAB53D6}.Release|Any CPU.ActiveCfg = Release|Any CPU
		{65392AFB-641F-4E0D-A116-41C1DEAB53D6}.Release|Any CPU.Build.0 = Release|Any CPU
		{AE886683-5880-4199-B3B8-03B811FDC67A}.Debug|Any CPU.ActiveCfg = Debug|Any CPU
		{AE886683-5880-4199-B3B8-03B811FDC67A}.Debug|Any CPU.Build.0 = Debug|Any CPU
		{AE886683-5880-4199-B3B8-03B811FDC67A}.Release|Any CPU.ActiveCfg = Release|Any CPU
		{AE886683-5880-4199-B3B8-03B811FDC67A}.Release|Any CPU.Build.0 = Release|Any CPU
		{E15215B9-44DE-462D-BA6E-6F0B5FCF237F}.Debug|Any CPU.ActiveCfg = Debug|Any CPU
		{E15215B9-44DE-462D-BA6E-6F0B5FCF237F}.Debug|Any CPU.Build.0 = Debug|Any CPU
		{E15215B9-44DE-462D-BA6E-6F0B5FCF237F}.Release|Any CPU.ActiveCfg = Release|Any CPU
		{E15215B9-44DE-462D-BA6E-6F0B5FCF237F}.Release|Any CPU.Build.0 = Release|Any CPU
		{152C4D56-6F36-4784-8470-7789C9245DC9}.Debug|Any CPU.ActiveCfg = Debug|Any CPU
		{152C4D56-6F36-4784-8470-7789C9245DC9}.Debug|Any CPU.Build.0 = Debug|Any CPU
		{152C4D56-6F36-4784-8470-7789C9245DC9}.Release|Any CPU.ActiveCfg = Release|Any CPU
		{152C4D56-6F36-4784-8470-7789C9245DC9}.Release|Any CPU.Build.0 = Release|Any CPU
		{464910BA-E8CD-4CB3-A2D4-63C83F6C107C}.Debug|Any CPU.ActiveCfg = Debug|Any CPU
		{464910BA-E8CD-4CB3-A2D4-63C83F6C107C}.Debug|Any CPU.Build.0 = Debug|Any CPU
		{464910BA-E8CD-4CB3-A2D4-63C83F6C107C}.Release|Any CPU.ActiveCfg = Release|Any CPU
		{464910BA-E8CD-4CB3-A2D4-63C83F6C107C}.Release|Any CPU.Build.0 = Release|Any CPU
		{6EF7678A-A725-F430-3097-30F090C0100A}.Debug|Any CPU.ActiveCfg = Debug|Any CPU
		{6EF7678A-A725-F430-3097-30F090C0100A}.Debug|Any CPU.Build.0 = Debug|Any CPU
		{6EF7678A-A725-F430-3097-30F090C0100A}.Release|Any CPU.ActiveCfg = Release|Any CPU
		{6EF7678A-A725-F430-3097-30F090C0100A}.Release|Any CPU.Build.0 = Release|Any CPU
		{010D0C11-D6A2-3CA6-3281-4E0FD547EC2D}.Debug|Any CPU.ActiveCfg = Debug|Any CPU
		{010D0C11-D6A2-3CA6-3281-4E0FD547EC2D}.Debug|Any CPU.Build.0 = Debug|Any CPU
		{010D0C11-D6A2-3CA6-3281-4E0FD547EC2D}.Release|Any CPU.ActiveCfg = Release|Any CPU
		{010D0C11-D6A2-3CA6-3281-4E0FD547EC2D}.Release|Any CPU.Build.0 = Release|Any CPU
		{F529173A-E761-4113-A58F-693E3E8F53FD}.Debug|Any CPU.ActiveCfg = Debug|Any CPU
		{F529173A-E761-4113-A58F-693E3E8F53FD}.Debug|Any CPU.Build.0 = Debug|Any CPU
		{F529173A-E761-4113-A58F-693E3E8F53FD}.Release|Any CPU.ActiveCfg = Release|Any CPU
		{F529173A-E761-4113-A58F-693E3E8F53FD}.Release|Any CPU.Build.0 = Release|Any CPU
		{FAEB7EB8-3722-4AA2-92B5-5B980989C0FB}.Debug|Any CPU.ActiveCfg = Debug|Any CPU
		{FAEB7EB8-3722-4AA2-92B5-5B980989C0FB}.Debug|Any CPU.Build.0 = Debug|Any CPU
		{FAEB7EB8-3722-4AA2-92B5-5B980989C0FB}.Release|Any CPU.ActiveCfg = Release|Any CPU
		{FAEB7EB8-3722-4AA2-92B5-5B980989C0FB}.Release|Any CPU.Build.0 = Release|Any CPU
		{0974B92A-B8F1-4413-85C3-3D704C0F8A38}.Debug|Any CPU.ActiveCfg = Debug|Any CPU
		{0974B92A-B8F1-4413-85C3-3D704C0F8A38}.Debug|Any CPU.Build.0 = Debug|Any CPU
		{0974B92A-B8F1-4413-85C3-3D704C0F8A38}.Release|Any CPU.ActiveCfg = Release|Any CPU
		{0974B92A-B8F1-4413-85C3-3D704C0F8A38}.Release|Any CPU.Build.0 = Release|Any CPU
		{31AC3918-87D6-4F89-9667-71ACB4C80C76}.Debug|Any CPU.ActiveCfg = Debug|Any CPU
		{31AC3918-87D6-4F89-9667-71ACB4C80C76}.Debug|Any CPU.Build.0 = Debug|Any CPU
		{31AC3918-87D6-4F89-9667-71ACB4C80C76}.Release|Any CPU.ActiveCfg = Release|Any CPU
		{31AC3918-87D6-4F89-9667-71ACB4C80C76}.Release|Any CPU.Build.0 = Release|Any CPU
		{F4809645-C9D2-4E53-B59C-C8367C1595D1}.Debug|Any CPU.ActiveCfg = Debug|Any CPU
		{F4809645-C9D2-4E53-B59C-C8367C1595D1}.Debug|Any CPU.Build.0 = Debug|Any CPU
		{F4809645-C9D2-4E53-B59C-C8367C1595D1}.Release|Any CPU.ActiveCfg = Release|Any CPU
		{F4809645-C9D2-4E53-B59C-C8367C1595D1}.Release|Any CPU.Build.0 = Release|Any CPU
		{D31205E9-2E93-4EE9-AB5F-12774B6B2E60}.Debug|Any CPU.ActiveCfg = Debug|Any CPU
		{D31205E9-2E93-4EE9-AB5F-12774B6B2E60}.Debug|Any CPU.Build.0 = Debug|Any CPU
		{D31205E9-2E93-4EE9-AB5F-12774B6B2E60}.Release|Any CPU.ActiveCfg = Release|Any CPU
		{D31205E9-2E93-4EE9-AB5F-12774B6B2E60}.Release|Any CPU.Build.0 = Release|Any CPU
		{D4A43612-4AAC-4022-8340-2D7396F3346D}.Debug|Any CPU.ActiveCfg = Debug|Any CPU
		{D4A43612-4AAC-4022-8340-2D7396F3346D}.Debug|Any CPU.Build.0 = Debug|Any CPU
		{D4A43612-4AAC-4022-8340-2D7396F3346D}.Release|Any CPU.ActiveCfg = Release|Any CPU
		{D4A43612-4AAC-4022-8340-2D7396F3346D}.Release|Any CPU.Build.0 = Release|Any CPU
		{AC179FFC-FD87-4136-8F80-6890837FD856}.Debug|Any CPU.ActiveCfg = Debug|Any CPU
		{AC179FFC-FD87-4136-8F80-6890837FD856}.Debug|Any CPU.Build.0 = Debug|Any CPU
		{AC179FFC-FD87-4136-8F80-6890837FD856}.Release|Any CPU.ActiveCfg = Release|Any CPU
		{AC179FFC-FD87-4136-8F80-6890837FD856}.Release|Any CPU.Build.0 = Release|Any CPU
		{9AB00AF8-9926-46AD-9F2E-08F686B54392}.Debug|Any CPU.ActiveCfg = Debug|Any CPU
		{9AB00AF8-9926-46AD-9F2E-08F686B54392}.Debug|Any CPU.Build.0 = Debug|Any CPU
		{9AB00AF8-9926-46AD-9F2E-08F686B54392}.Release|Any CPU.ActiveCfg = Release|Any CPU
		{9AB00AF8-9926-46AD-9F2E-08F686B54392}.Release|Any CPU.Build.0 = Release|Any CPU
		{A53D0168-BB25-4627-BFC8-1EF79F03FB55}.Debug|Any CPU.ActiveCfg = Debug|Any CPU
		{A53D0168-BB25-4627-BFC8-1EF79F03FB55}.Debug|Any CPU.Build.0 = Debug|Any CPU
		{A53D0168-BB25-4627-BFC8-1EF79F03FB55}.Release|Any CPU.ActiveCfg = Release|Any CPU
		{A53D0168-BB25-4627-BFC8-1EF79F03FB55}.Release|Any CPU.Build.0 = Release|Any CPU
		{25FD9761-2198-4F69-B510-4F4216F0669C}.Debug|Any CPU.ActiveCfg = Debug|Any CPU
		{25FD9761-2198-4F69-B510-4F4216F0669C}.Debug|Any CPU.Build.0 = Debug|Any CPU
		{25FD9761-2198-4F69-B510-4F4216F0669C}.Release|Any CPU.ActiveCfg = Release|Any CPU
		{25FD9761-2198-4F69-B510-4F4216F0669C}.Release|Any CPU.Build.0 = Release|Any CPU
		{E98AB82E-951A-465F-8A69-35F25D884CB3}.Debug|Any CPU.ActiveCfg = Debug|Any CPU
		{E98AB82E-951A-465F-8A69-35F25D884CB3}.Debug|Any CPU.Build.0 = Debug|Any CPU
		{E98AB82E-951A-465F-8A69-35F25D884CB3}.Release|Any CPU.ActiveCfg = Release|Any CPU
		{E98AB82E-951A-465F-8A69-35F25D884CB3}.Release|Any CPU.Build.0 = Release|Any CPU
		{B2939E3B-897E-49C7-8BC7-B3615BA403E3}.Debug|Any CPU.ActiveCfg = Debug|Any CPU
		{B2939E3B-897E-49C7-8BC7-B3615BA403E3}.Debug|Any CPU.Build.0 = Debug|Any CPU
		{B2939E3B-897E-49C7-8BC7-B3615BA403E3}.Release|Any CPU.ActiveCfg = Release|Any CPU
		{B2939E3B-897E-49C7-8BC7-B3615BA403E3}.Release|Any CPU.Build.0 = Release|Any CPU
		{2B58CCEE-E7CF-4F6F-BFAB-9376047551D3}.Debug|Any CPU.ActiveCfg = Debug|Any CPU
		{2B58CCEE-E7CF-4F6F-BFAB-9376047551D3}.Debug|Any CPU.Build.0 = Debug|Any CPU
		{2B58CCEE-E7CF-4F6F-BFAB-9376047551D3}.Release|Any CPU.ActiveCfg = Release|Any CPU
		{2B58CCEE-E7CF-4F6F-BFAB-9376047551D3}.Release|Any CPU.Build.0 = Release|Any CPU
		{4C4473A4-33C5-4350-A3C9-F7AEC9B75045}.Debug|Any CPU.ActiveCfg = Debug|Any CPU
		{4C4473A4-33C5-4350-A3C9-F7AEC9B75045}.Debug|Any CPU.Build.0 = Debug|Any CPU
		{4C4473A4-33C5-4350-A3C9-F7AEC9B75045}.Release|Any CPU.ActiveCfg = Release|Any CPU
		{4C4473A4-33C5-4350-A3C9-F7AEC9B75045}.Release|Any CPU.Build.0 = Release|Any CPU
		{D63DD9A9-5A40-46BE-BE3B-126073729006}.Debug|Any CPU.ActiveCfg = Debug|Any CPU
		{D63DD9A9-5A40-46BE-BE3B-126073729006}.Debug|Any CPU.Build.0 = Debug|Any CPU
		{D63DD9A9-5A40-46BE-BE3B-126073729006}.Release|Any CPU.ActiveCfg = Release|Any CPU
		{D63DD9A9-5A40-46BE-BE3B-126073729006}.Release|Any CPU.Build.0 = Release|Any CPU
		{D8D6E791-569C-491F-9225-23867231081F}.Debug|Any CPU.ActiveCfg = Debug|Any CPU
		{D8D6E791-569C-491F-9225-23867231081F}.Debug|Any CPU.Build.0 = Debug|Any CPU
		{D8D6E791-569C-491F-9225-23867231081F}.Release|Any CPU.ActiveCfg = Release|Any CPU
		{D8D6E791-569C-491F-9225-23867231081F}.Release|Any CPU.Build.0 = Release|Any CPU
		{2D933FE1-46E6-475E-8C5D-F513A5C4329F}.Debug|Any CPU.ActiveCfg = Debug|Any CPU
		{2D933FE1-46E6-475E-8C5D-F513A5C4329F}.Debug|Any CPU.Build.0 = Debug|Any CPU
		{2D933FE1-46E6-475E-8C5D-F513A5C4329F}.Release|Any CPU.ActiveCfg = Release|Any CPU
		{2D933FE1-46E6-475E-8C5D-F513A5C4329F}.Release|Any CPU.Build.0 = Release|Any CPU
		{8EC97286-86CE-42AD-A5AE-7FA3413F8219}.Debug|Any CPU.ActiveCfg = Debug|Any CPU
		{8EC97286-86CE-42AD-A5AE-7FA3413F8219}.Debug|Any CPU.Build.0 = Debug|Any CPU
		{8EC97286-86CE-42AD-A5AE-7FA3413F8219}.Release|Any CPU.ActiveCfg = Release|Any CPU
		{8EC97286-86CE-42AD-A5AE-7FA3413F8219}.Release|Any CPU.Build.0 = Release|Any CPU
		{621CB6B4-1378-4E50-B710-DFA06C104AF7}.Debug|Any CPU.ActiveCfg = Debug|Any CPU
		{621CB6B4-1378-4E50-B710-DFA06C104AF7}.Debug|Any CPU.Build.0 = Debug|Any CPU
		{621CB6B4-1378-4E50-B710-DFA06C104AF7}.Release|Any CPU.ActiveCfg = Release|Any CPU
		{621CB6B4-1378-4E50-B710-DFA06C104AF7}.Release|Any CPU.Build.0 = Release|Any CPU
		{EE51F9A4-C4DE-4335-8B3C-24F9FA837C43}.Debug|Any CPU.ActiveCfg = Debug|Any CPU
		{EE51F9A4-C4DE-4335-8B3C-24F9FA837C43}.Debug|Any CPU.Build.0 = Debug|Any CPU
		{EE51F9A4-C4DE-4335-8B3C-24F9FA837C43}.Release|Any CPU.ActiveCfg = Release|Any CPU
		{EE51F9A4-C4DE-4335-8B3C-24F9FA837C43}.Release|Any CPU.Build.0 = Release|Any CPU
		{2E1E0B80-6183-40A9-A334-536F868C9283}.Debug|Any CPU.ActiveCfg = Debug|Any CPU
		{2E1E0B80-6183-40A9-A334-536F868C9283}.Debug|Any CPU.Build.0 = Debug|Any CPU
		{2E1E0B80-6183-40A9-A334-536F868C9283}.Release|Any CPU.ActiveCfg = Release|Any CPU
		{2E1E0B80-6183-40A9-A334-536F868C9283}.Release|Any CPU.Build.0 = Release|Any CPU
	EndGlobalSection
	GlobalSection(SolutionProperties) = preSolution
		HideSolutionNode = FALSE
	EndGlobalSection
	GlobalSection(NestedProjects) = preSolution
		{8FC20700-A849-449D-9C77-156AA02281FE} = {DDB4EF12-CC4E-5E88-E6FC-71A802F4DE97}
		{459FBE2A-88F4-4CFB-BDB1-6209F589704B} = {909AFAFA-C75D-4F83-B58F-FA2F3EA3E3D3}
		{9C7C4CC6-A85E-4EF0-BFB1-B017D832BC1D} = {3DF45D4A-CE31-44D1-8084-70255F2FE10B}
		{0012B839-575E-486D-B37E-822B88C1C727} = {9C7C4CC6-A85E-4EF0-BFB1-B017D832BC1D}
		{909AFAFA-C75D-4F83-B58F-FA2F3EA3E3D3} = {3DF45D4A-CE31-44D1-8084-70255F2FE10B}
		{8B212B66-D1D6-44EE-9599-941856755132} = {C36F4863-6F42-4FB0-A148-B0FA79127EE6}
		{913499AE-A2F7-4091-AA76-5F74800D66FA} = {C36F4863-6F42-4FB0-A148-B0FA79127EE6}
		{4FC78B6E-6A80-41D0-9EC6-89E3574E7D9F} = {3DF45D4A-CE31-44D1-8084-70255F2FE10B}
		{6F26FDC3-B8E1-3665-D411-4EC453C7F987} = {4FC78B6E-6A80-41D0-9EC6-89E3574E7D9F}
		{6CDDCBB0-9CFD-DF9C-1A71-A8E6B189D73A} = {9C7C4CC6-A85E-4EF0-BFB1-B017D832BC1D}
		{10A702D0-C186-400B-8CBF-3BF73AD56627} = {B5EE89FE-E3A3-4909-A648-C222971621B3}
		{F4D8C882-3A13-4F15-9126-32D0FB6538FD} = {B5EE89FE-E3A3-4909-A648-C222971621B3}
		{D4856D29-8B47-481B-B9A7-F0205EC99C8A} = {F4D8C882-3A13-4F15-9126-32D0FB6538FD}
		{682934DF-68E7-452D-95A6-D7F99282DFF3} = {B5EE89FE-E3A3-4909-A648-C222971621B3}
		{0E746FF2-82B4-47C5-9123-955DE677303E} = {F4D8C882-3A13-4F15-9126-32D0FB6538FD}
		{35289454-320A-48D4-BF78-2170F9841FB9} = {C40557C8-307F-4ADD-9096-C1D8B1B7D3C2}
		{AB64F376-EDC4-4E6B-AA01-78EEB0736334} = {C40557C8-307F-4ADD-9096-C1D8B1B7D3C2}
		{07A691EA-28C5-4CF9-B00F-94FF393776C4} = {AB64F376-EDC4-4E6B-AA01-78EEB0736334}
		{BA27020C-6303-425B-967E-38B5C3EBD780} = {F8087D60-A710-4A4F-8238-CE9615EB6332}
		{CDE04ECE-F5E1-4C42-AA2A-DE106B22F9C3} = {A3C91676-EE61-48B9-8B71-BB9FDDF156D1}
		{782538D0-DCF4-4079-9A97-E26453E14812} = {CDE04ECE-F5E1-4C42-AA2A-DE106B22F9C3}
		{B72FA027-218E-4ADE-AE28-3D3795464154} = {A3C91676-EE61-48B9-8B71-BB9FDDF156D1}
		{980E7319-21C5-4504-8E8F-DBC08A4CA9C6} = {A3C91676-EE61-48B9-8B71-BB9FDDF156D1}
		{C55D4B71-93B9-4EDE-AC8F-A5D540B7D7C6} = {CDE04ECE-F5E1-4C42-AA2A-DE106B22F9C3}
		{24CF2A57-32CA-4F69-A775-3E9ED58EA81E} = {F822B47C-742B-496B-AC0C-8749A27273B9}
		{8958700C-925E-4F35-9697-7089182490D9} = {F822B47C-742B-496B-AC0C-8749A27273B9}
		{69D2522F-017B-49C8-82AE-708C396E91F0} = {8958700C-925E-4F35-9697-7089182490D9}
		{A7656B80-98B0-4F13-8CF6-A854DC0EFCF1} = {8958700C-925E-4F35-9697-7089182490D9}
		{96C92B92-17D6-4301-897C-1CDDAC3E70B2} = {F822B47C-742B-496B-AC0C-8749A27273B9}
		{72766148-7C38-45DA-A80C-02AAA42F3BEC} = {07899EBC-3ED0-43F3-8874-782C84978A71}
		{C40FD1C1-A61A-4608-BE66-A93135DA0031} = {07899EBC-3ED0-43F3-8874-782C84978A71}
		{2AC5D3CB-5B12-4F1F-BD8E-FC9E7F337F6D} = {07899EBC-3ED0-43F3-8874-782C84978A71}
		{763C0DCB-D6B0-43DC-83EE-9890C1289BEC} = {72766148-7C38-45DA-A80C-02AAA42F3BEC}
		{65392AFB-641F-4E0D-A116-41C1DEAB53D6} = {72766148-7C38-45DA-A80C-02AAA42F3BEC}
		{CA86A284-5AA7-4E6A-AD28-2A41D0097E4D} = {0C2AE4A4-13D8-46FC-B1C7-278654D5B3A8}
		{AE886683-5880-4199-B3B8-03B811FDC67A} = {CA86A284-5AA7-4E6A-AD28-2A41D0097E4D}
		{E15215B9-44DE-462D-BA6E-6F0B5FCF237F} = {0C2AE4A4-13D8-46FC-B1C7-278654D5B3A8}
		{152C4D56-6F36-4784-8470-7789C9245DC9} = {0C2AE4A4-13D8-46FC-B1C7-278654D5B3A8}
		{464910BA-E8CD-4CB3-A2D4-63C83F6C107C} = {CA86A284-5AA7-4E6A-AD28-2A41D0097E4D}
		{6EF7678A-A725-F430-3097-30F090C0100A} = {34F3F1A4-44F5-4673-A5A0-4EDA005B7AED}
		{010D0C11-D6A2-3CA6-3281-4E0FD547EC2D} = {34F3F1A4-44F5-4673-A5A0-4EDA005B7AED}
		{F529173A-E761-4113-A58F-693E3E8F53FD} = {5E85BED6-E20C-4F88-B128-C5D994F1169D}
		{CA56C9E3-512A-41D7-9F18-046629AB127D} = {5E85BED6-E20C-4F88-B128-C5D994F1169D}
		{FAEB7EB8-3722-4AA2-92B5-5B980989C0FB} = {CA56C9E3-512A-41D7-9F18-046629AB127D}
		{0974B92A-B8F1-4413-85C3-3D704C0F8A38} = {CA56C9E3-512A-41D7-9F18-046629AB127D}
		{31AC3918-87D6-4F89-9667-71ACB4C80C76} = {CA56C9E3-512A-41D7-9F18-046629AB127D}
		{F4809645-C9D2-4E53-B59C-C8367C1595D1} = {C36F4863-6F42-4FB0-A148-B0FA79127EE6}
		{303C4EF5-F863-4540-8035-7C6F08F29A97} = {4F2B5ED4-5D51-4B97-A44E-4617895C2786}
		{D31205E9-2E93-4EE9-AB5F-12774B6B2E60} = {4F2B5ED4-5D51-4B97-A44E-4617895C2786}
		{D4A43612-4AAC-4022-8340-2D7396F3346D} = {303C4EF5-F863-4540-8035-7C6F08F29A97}
		{AC179FFC-FD87-4136-8F80-6890837FD856} = {303C4EF5-F863-4540-8035-7C6F08F29A97}
		{9AB00AF8-9926-46AD-9F2E-08F686B54392} = {303C4EF5-F863-4540-8035-7C6F08F29A97}
		{A53D0168-BB25-4627-BFC8-1EF79F03FB55} = {C36F4863-6F42-4FB0-A148-B0FA79127EE6}
		{25FD9761-2198-4F69-B510-4F4216F0669C} = {B70EB7E5-F31E-45D6-9F50-295EC5FB629A}
		{FDA2DA7F-4B4A-47F0-9775-019E85F8A2D8} = {B70EB7E5-F31E-45D6-9F50-295EC5FB629A}
		{E98AB82E-951A-465F-8A69-35F25D884CB3} = {FDA2DA7F-4B4A-47F0-9775-019E85F8A2D8}
		{B2939E3B-897E-49C7-8BC7-B3615BA403E3} = {FDA2DA7F-4B4A-47F0-9775-019E85F8A2D8}
		{2B58CCEE-E7CF-4F6F-BFAB-9376047551D3} = {B70EB7E5-F31E-45D6-9F50-295EC5FB629A}
		{4C4473A4-33C5-4350-A3C9-F7AEC9B75045} = {FDA2DA7F-4B4A-47F0-9775-019E85F8A2D8}
		{D63DD9A9-5A40-46BE-BE3B-126073729006} = {B70EB7E5-F31E-45D6-9F50-295EC5FB629A}
		{D8D6E791-569C-491F-9225-23867231081F} = {FDA2DA7F-4B4A-47F0-9775-019E85F8A2D8}
		{2D933FE1-46E6-475E-8C5D-F513A5C4329F} = {FDA2DA7F-4B4A-47F0-9775-019E85F8A2D8}
		{8EC97286-86CE-42AD-A5AE-7FA3413F8219} = {848F264E-21F6-4DBE-9787-9AB7AF0EA868}
		{621CB6B4-1378-4E50-B710-DFA06C104AF7} = {848F264E-21F6-4DBE-9787-9AB7AF0EA868}
		{EE51F9A4-C4DE-4335-8B3C-24F9FA837C43} = {848F264E-21F6-4DBE-9787-9AB7AF0EA868}
		{2E1E0B80-6183-40A9-A334-536F868C9283} = {848F264E-21F6-4DBE-9787-9AB7AF0EA868}
	EndGlobalSection
	GlobalSection(ExtensibilityGlobals) = postSolution
		SolutionGuid = {716C1454-E5E1-4A07-96B7-8D582FA48E10}
	EndGlobalSection
EndGlobal
